
Microsoft Visual Studio Solution File, Format Version 12.00
# Visual Studio Version 17
VisualStudioVersion = 17.10.35122.118
MinimumVisualStudioVersion = 10.0.40219.1
Project("{9A19103F-16F7-4668-BE54-9A1E7A4F7556}") = "SamplePlugin", "SamplePlugin\SamplePlugin.csproj", "{13C812E9-0D42-4B95-8646-40EEBF30636F}"
	ProjectSection(ProjectDependencies) = postProject
		{C2EF0D10-D6A6-46DE-81AD-782387B97731} = {C2EF0D10-D6A6-46DE-81AD-782387B97731}
		{EB438BFA-D7D3-423B-ADF0-3D417BF4CCF5} = {EB438BFA-D7D3-423B-ADF0-3D417BF4CCF5}
	EndProjectSection
EndProject
Project("{9A19103F-16F7-4668-BE54-9A1E7A4F7556}") = "ECommons", "ECommons\ECommons\ECommons.csproj", "{EB438BFA-D7D3-423B-ADF0-3D417BF4CCF5}"
EndProject
Project("{9A19103F-16F7-4668-BE54-9A1E7A4F7556}") = "AutoRetainerAPI", "AutoRetainerAPI\AutoRetainerAPI\AutoRetainerAPI.csproj", "{C2EF0D10-D6A6-46DE-81AD-782387B97731}"
EndProject
Global
	GlobalSection(SolutionConfigurationPlatforms) = preSolution
		Debug|Any CPU = Debug|Any CPU
		DebugForms|Any CPU = DebugForms|Any CPU
		Release|Any CPU = Release|Any CPU
		ReleaseForms|Any CPU = ReleaseForms|Any CPU
	EndGlobalSection
	GlobalSection(ProjectConfigurationPlatforms) = postSolution
		{13C812E9-0D42-4B95-8646-40EEBF30636F}.Debug|Any CPU.ActiveCfg = Debug|Any CPU
		{13C812E9-0D42-4B95-8646-40EEBF30636F}.Debug|Any CPU.Build.0 = Debug|Any CPU
		{13C812E9-0D42-4B95-8646-40EEBF30636F}.DebugForms|Any CPU.ActiveCfg = Debug|Any CPU
		{13C812E9-0D42-4B95-8646-40EEBF30636F}.Release|Any CPU.ActiveCfg = Release|Any CPU
		{13C812E9-0D42-4B95-8646-40EEBF30636F}.ReleaseForms|Any CPU.ActiveCfg = Release|Any CPU
		{EB438BFA-D7D3-423B-ADF0-3D417BF4CCF5}.Debug|Any CPU.ActiveCfg = Debug|Any CPU
		{EB438BFA-D7D3-423B-ADF0-3D417BF4CCF5}.Debug|Any CPU.Build.0 = Debug|Any CPU
		{EB438BFA-D7D3-423B-ADF0-3D417BF4CCF5}.DebugForms|Any CPU.ActiveCfg = DebugForms|Any CPU
		{EB438BFA-D7D3-423B-ADF0-3D417BF4CCF5}.Release|Any CPU.ActiveCfg = Release|Any CPU
		{EB438BFA-D7D3-423B-ADF0-3D417BF4CCF5}.ReleaseForms|Any CPU.ActiveCfg = ReleaseForms|Any CPU
		{C2EF0D10-D6A6-46DE-81AD-782387B97731}.Debug|Any CPU.ActiveCfg = Debug|Any CPU
		{C2EF0D10-D6A6-46DE-81AD-782387B97731}.Debug|Any CPU.Build.0 = Debug|Any CPU
		{C2EF0D10-D6A6-46DE-81AD-782387B97731}.DebugForms|Any CPU.ActiveCfg = Debug|Any CPU
		{C2EF0D10-D6A6-46DE-81AD-782387B97731}.Release|Any CPU.ActiveCfg = Release|Any CPU
		{C2EF0D10-D6A6-46DE-81AD-782387B97731}.ReleaseForms|Any CPU.ActiveCfg = Release|Any CPU
	EndGlobalSection
	GlobalSection(SolutionProperties) = preSolution
		HideSolutionNode = FALSE
	EndGlobalSection
	GlobalSection(ExtensibilityGlobals) = postSolution
		SolutionGuid = {B17E85B1-5F60-4440-9F9A-3DDE877E8CDF}
	EndGlobalSection
EndGlobal
